
Microsoft Visual Studio Solution File, Format Version 12.00
# Visual Studio Version 17
VisualStudioVersion = 17.14.37314.3 d17.14
MinimumVisualStudioVersion = 10.0.40219.1
Project("{FAE04EC0-301F-11D3-BF4B-00C04F79EFBC}") = "TTSToVCable", "TTSToVCable\TTSToVCable.csproj", "{F1ED234D-F90C-48C4-B91B-B594CAEC8B22}"
EndProject
Global
	GlobalSection(SolutionConfigurationPlatforms) = preSolution
		Debug|Any CPU = Debug|Any CPU
		Release|Any CPU = Release|Any CPU
	EndGlobalSection
	GlobalSection(ProjectConfigurationPlatforms) = postSolution
		{F1ED234D-F90C-48C4-B91B-B594CAEC8B22}.Debug|Any CPU.ActiveCfg = Debug|Any CPU
		{F1ED234D-F90C-48C4-B91B-B594CAEC8B22}.Debug|Any CPU.Build.0 = Debug|Any CPU
		{F1ED234D-F90C-48C4-B91B-B594CAEC8B22}.Release|Any CPU.ActiveCfg = Release|Any CPU
		{F1ED234D-F90C-48C4-B91B-B594CAEC8B22}.Release|Any CPU.Build.0 = Release|Any CPU
	EndGlobalSection
	GlobalSection(SolutionProperties) = preSolution
		HideSolutionNode = FALSE
	EndGlobalSection
	GlobalSection(ExtensibilityGlobals) = postSolution
		SolutionGuid = {A06FABBF-23A8-4AFA-96AB-9A5F5FB509D1}
	EndGlobalSection
EndGlobal
